
Microsoft Visual Studio Solution File, Format Version 12.00
# Visual Studio Version 17
VisualStudioVersion = 17.7.34221.43
MinimumVisualStudioVersion = 10.0.40219.1
Project("{FAE04EC0-301F-11D3-BF4B-00C04F79EFBC}") = "FarmHub", "FarmHub.csproj", "{16ADE0BA-6ACB-4B0C-8E1F-7A07EEBA8206}"
EndProject
Global
	GlobalSection(SolutionConfigurationPlatforms) = preSolution
		Debug|Any CPU = Debug|Any CPU
		Release|Any CPU = Release|Any CPU
	EndGlobalSection
	GlobalSection(ProjectConfigurationPlatforms) = postSolution
		{16ADE0BA-6ACB-4B0C-8E1F-7A07EEBA8206}.Debug|Any CPU.ActiveCfg = Debug|Any CPU
		{16ADE0BA-6ACB-4B0C-8E1F-7A07EEBA8206}.Debug|Any CPU.Build.0 = Debug|Any CPU
		{16ADE0BA-6ACB-4B0C-8E1F-7A07EEBA8206}.Release|Any CPU.ActiveCfg = Release|Any CPU
		{16ADE0BA-6ACB-4B0C-8E1F-7A07EEBA8206}.Release|Any CPU.Build.0 = Release|Any CPU
	EndGlobalSection
	GlobalSection(SolutionProperties) = preSolution
		HideSolutionNode = FALSE
	EndGlobalSection
	GlobalSection(ExtensibilityGlobals) = postSolution
		SolutionGuid = {7896490D-ECBE-44F5-8AF3-BA774BB901CE}
	EndGlobalSection
EndGlobal
